
Microsoft Visual Studio Solution File, Format Version 12.00
# Visual Studio 15
VisualStudioVersion = 15.0.28010.2046
MinimumVisualStudioVersion = 10.0.40219.1
Project("{8BC9CEB8-8B4A-11D0-8D11-00A0C91BC942}") = "MeasureSDK", "MeasureSDK\MeasureSDK.vcxproj", "{F7CD14B0-4A6F-4A98-B47B-3020C9E95548}"
EndProject
Project("{8BC9CEB8-8B4A-11D0-8D11-00A0C91BC942}") = "PointsPlot3D", "PointsPlot3D\PointsPlot3D.vcxproj", "{FF35FE2D-F729-4DF4-9A40-37407E13F4E0}"
EndProject
Project("{8BC9CEB8-8B4A-11D0-8D11-00A0C91BC942}") = "OpencvSIFT", "OpencvSIFT\OpencvSIFT.vcxproj", "{B113A4CA-4BB9-44A9-AC96-72ED4858781D}"
EndProject
Project("{8BC9CEB8-8B4A-11D0-8D11-00A0C91BC942}") = "DIPDemo", "DIPDemo-master\DIPDemo.vcxproj", "{2751769D-8E76-4B72-9D20-BB9D0FBDC570}"
EndProject
Project("{8BC9CEB8-8B4A-11D0-8D11-00A0C91BC942}") = "Atest", "Atest\Atest.vcxproj", "{98C75461-DF3D-47A2-BF8B-8F58AE6AD5B3}"
EndProject
Project("{8BC9CEB8-8B4A-11D0-8D11-00A0C91BC942}") = "CalibrationSingleCamera", "CalibrationSingleCamera\CalibrationSingleCamera.vcxproj", "{67591223-3837-4247-A718-7D462FD7E60D}"
EndProject
Project("{8BC9CEB8-8B4A-11D0-8D11-00A0C91BC942}") = "CalibrationStereoCamera", "CalibrationStereoCamera\CalibrationStereoCamera.vcxproj", "{A439C821-1C76-4BD7-8A77-C88698860D1D}"
EndProject
Project("{8BC9CEB8-8B4A-11D0-8D11-00A0C91BC942}") = "ImageAcquire", "ImageAcquire\ImageAcquire.vcxproj", "{664FA480-1C14-4FA5-82C7-585DEA1DA715}"
EndProject
Global
	GlobalSection(SolutionConfigurationPlatforms) = preSolution
		Debug|x64 = Debug|x64
		Debug|x86 = Debug|x86
		Release|x64 = Release|x64
		Release|x86 = Release|x86
	EndGlobalSection
	GlobalSection(ProjectConfigurationPlatforms) = postSolution
		{F7CD14B0-4A6F-4A98-B47B-3020C9E95548}.Debug|x64.ActiveCfg = Debug|x64
		{F7CD14B0-4A6F-4A98-B47B-3020C9E95548}.Debug|x64.Build.0 = Debug|x64
		{F7CD14B0-4A6F-4A98-B47B-3020C9E95548}.Debug|x86.ActiveCfg = Debug|Win32
		{F7CD14B0-4A6F-4A98-B47B-3020C9E95548}.Debug|x86.Build.0 = Debug|Win32
		{F7CD14B0-4A6F-4A98-B47B-3020C9E95548}.Release|x64.ActiveCfg = Release|x64
		{F7CD14B0-4A6F-4A98-B47B-3020C9E95548}.Release|x64.Build.0 = Release|x64
		{F7CD14B0-4A6F-4A98-B47B-3020C9E95548}.Release|x86.ActiveCfg = Release|Win32
		{F7CD14B0-4A6F-4A98-B47B-3020C9E95548}.Release|x86.Build.0 = Release|Win32
		{FF35FE2D-F729-4DF4-9A40-37407E13F4E0}.Debug|x64.ActiveCfg = Debug|x64
		{FF35FE2D-F729-4DF4-9A40-37407E13F4E0}.Debug|x64.Build.0 = Debug|x64
		{FF35FE2D-F729-4DF4-9A40-37407E13F4E0}.Debug|x86.ActiveCfg = Debug|Win32
		{FF35FE2D-F729-4DF4-9A40-37407E13F4E0}.Debug|x86.Build.0 = Debug|Win32
		{FF35FE2D-F729-4DF4-9A40-37407E13F4E0}.Release|x64.ActiveCfg = Release|x64
		{FF35FE2D-F729-4DF4-9A40-37407E13F4E0}.Release|x64.Build.0 = Release|x64
		{FF35FE2D-F729-4DF4-9A40-37407E13F4E0}.Release|x86.ActiveCfg = Release|Win32
		{FF35FE2D-F729-4DF4-9A40-37407E13F4E0}.Release|x86.Build.0 = Release|Win32
		{B113A4CA-4BB9-44A9-AC96-72ED4858781D}.Debug|x64.ActiveCfg = Debug|x64
		{B113A4CA-4BB9-44A9-AC96-72ED4858781D}.Debug|x64.Build.0 = Debug|x64
		{B113A4CA-4BB9-44A9-AC96-72ED4858781D}.Debug|x86.ActiveCfg = Debug|Win32
		{B113A4CA-4BB9-44A9-AC96-72ED4858781D}.Debug|x86.Build.0 = Debug|Win32
		{B113A4CA-4BB9-44A9-AC96-72ED4858781D}.Release|x64.ActiveCfg = Release|x64
		{B113A4CA-4BB9-44A9-AC96-72ED4858781D}.Release|x64.Build.0 = Release|x64
		{B113A4CA-4BB9-44A9-AC96-72ED4858781D}.Release|x86.ActiveCfg = Release|Win32
		{B113A4CA-4BB9-44A9-AC96-72ED4858781D}.Release|x86.Build.0 = Release|Win32
		{2751769D-8E76-4B72-9D20-BB9D0FBDC570}.Debug|x64.ActiveCfg = Debug|Win32
		{2751769D-8E76-4B72-9D20-BB9D0FBDC570}.Debug|x86.ActiveCfg = Debug|Win32
		{2751769D-8E76-4B72-9D20-BB9D0FBDC570}.Debug|x86.Build.0 = Debug|Win32
		{2751769D-8E76-4B72-9D20-BB9D0FBDC570}.Release|x64.ActiveCfg = Release|Win32
		{2751769D-8E76-4B72-9D20-BB9D0FBDC570}.Release|x86.ActiveCfg = Release|Win32
		{2751769D-8E76-4B72-9D20-BB9D0FBDC570}.Release|x86.Build.0 = Release|Win32
		{98C75461-DF3D-47A2-BF8B-8F58AE6AD5B3}.Debug|x64.ActiveCfg = Debug|x64
		{98C75461-DF3D-47A2-BF8B-8F58AE6AD5B3}.Debug|x64.Build.0 = Debug|x64
		{98C75461-DF3D-47A2-BF8B-8F58AE6AD5B3}.Debug|x86.ActiveCfg = Debug|Win32
		{98C75461-DF3D-47A2-BF8B-8F58AE6AD5B3}.Debug|x86.Build.0 = Debug|Win32
		{98C75461-DF3D-47A2-BF8B-8F58AE6AD5B3}.Release|x64.ActiveCfg = Release|x64
		{98C75461-DF3D-47A2-BF8B-8F58AE6AD5B3}.Release|x64.Build.0 = Release|x64
		{98C75461-DF3D-47A2-BF8B-8F58AE6AD5B3}.Release|x86.ActiveCfg = Release|Win32
		{98C75461-DF3D-47A2-BF8B-8F58AE6AD5B3}.Release|x86.Build.0 = Release|Win32
		{67591223-3837-4247-A718-7D462FD7E60D}.Debug|x64.ActiveCfg = Debug|x64
		{67591223-3837-4247-A718-7D462FD7E60D}.Debug|x64.Build.0 = Debug|x64
		{67591223-3837-4247-A718-7D462FD7E60D}.Debug|x86.ActiveCfg = Debug|Win32
		{67591223-3837-4247-A718-7D462FD7E60D}.Debug|x86.Build.0 = Debug|Win32
		{67591223-3837-4247-A718-7D462FD7E60D}.Release|x64.ActiveCfg = Release|x64
		{67591223-3837-4247-A718-7D462FD7E60D}.Release|x64.Build.0 = Release|x64
		{67591223-3837-4247-A718-7D462FD7E60D}.Release|x86.ActiveCfg = Release|Win32
		{67591223-3837-4247-A718-7D462FD7E60D}.Release|x86.Build.0 = Release|Win32
		{A439C821-1C76-4BD7-8A77-C88698860D1D}.Debug|x64.ActiveCfg = Debug|x64
		{A439C821-1C76-4BD7-8A77-C88698860D1D}.Debug|x64.Build.0 = Debug|x64
		{A439C821-1C76-4BD7-8A77-C88698860D1D}.Debug|x86.ActiveCfg = Debug|Win32
		{A439C821-1C76-4BD7-8A77-C88698860D1D}.Debug|x86.Build.0 = Debug|Win32
		{A439C821-1C76-4BD7-8A77-C88698860D1D}.Release|x64.ActiveCfg = Release|x64
		{A439C821-1C76-4BD7-8A77-C88698860D1D}.Release|x64.Build.0 = Release|x64
		{A439C821-1C76-4BD7-8A77-C88698860D1D}.Release|x86.ActiveCfg = Release|Win32
		{A439C821-1C76-4BD7-8A77-C88698860D1D}.Release|x86.Build.0 = Release|Win32
		{664FA480-1C14-4FA5-82C7-585DEA1DA715}.Debug|x64.ActiveCfg = Debug|x64
		{664FA480-1C14-4FA5-82C7-585DEA1DA715}.Debug|x64.Build.0 = Debug|x64
		{664FA480-1C14-4FA5-82C7-585DEA1DA715}.Debug|x86.ActiveCfg = Debug|Win32
		{664FA480-1C14-4FA5-82C7-585DEA1DA715}.Debug|x86.Build.0 = Debug|Win32
		{664FA480-1C14-4FA5-82C7-585DEA1DA715}.Release|x64.ActiveCfg = Release|x64
		{664FA480-1C14-4FA5-82C7-585DEA1DA715}.Release|x64.Build.0 = Release|x64
		{664FA480-1C14-4FA5-82C7-585DEA1DA715}.Release|x86.ActiveCfg = Release|Win32
		{664FA480-1C14-4FA5-82C7-585DEA1DA715}.Release|x86.Build.0 = Release|Win32
	EndGlobalSection
	GlobalSection(SolutionProperties) = preSolution
		HideSolutionNode = FALSE
	EndGlobalSection
	GlobalSection(ExtensibilityGlobals) = postSolution
		SolutionGuid = {3AF1A9C7-4201-44D7-97F6-F70FC0B7110E}
	EndGlobalSection
EndGlobal
